
Microsoft Visual Studio Solution File, Format Version 12.00
# Visual Studio Version 17
VisualStudioVersion = 17.5.002.0
MinimumVisualStudioVersion = 10.0.40219.1
Project("{9A19103F-16F7-4668-BE54-9A1E7A4F7556}") = "Team2TechCo", "Team2TechCo.csproj", "{8FE81727-897F-431A-8C4A-1D6917A8CACE}"
EndProject
Global
	GlobalSection(SolutionConfigurationPlatforms) = preSolution
		Debug|Any CPU = Debug|Any CPU
		Release|Any CPU = Release|Any CPU
	EndGlobalSection
	GlobalSection(ProjectConfigurationPlatforms) = postSolution
		{8FE81727-897F-431A-8C4A-1D6917A8CACE}.Debug|Any CPU.ActiveCfg = Debug|Any CPU
		{8FE81727-897F-431A-8C4A-1D6917A8CACE}.Debug|Any CPU.Build.0 = Debug|Any CPU
		{8FE81727-897F-431A-8C4A-1D6917A8CACE}.Release|Any CPU.ActiveCfg = Release|Any CPU
		{8FE81727-897F-431A-8C4A-1D6917A8CACE}.Release|Any CPU.Build.0 = Release|Any CPU
	EndGlobalSection
	GlobalSection(SolutionProperties) = preSolution
		HideSolutionNode = FALSE
	EndGlobalSection
	GlobalSection(ExtensibilityGlobals) = postSolution
		SolutionGuid = {C141FD40-2283-4C4D-8AB4-64D301C30BAA}
	EndGlobalSection
EndGlobal
